
Microsoft Visual Studio Solution File, Format Version 12.00
# Visual Studio 15
Project("{FAE04EC0-301F-11D3-BF4B-00C04F79EFBC}") = "Assembly-CSharp", "Assembly-CSharp.csproj", "{967D939B-8552-EB11-C835-BB09EE749429}"
EndProject
Global
	GlobalSection(SolutionConfigurationPlatforms) = preSolution
		Debug|Any CPU = Debug|Any CPU
		Release|Any CPU = Release|Any CPU
	EndGlobalSection
	GlobalSection(ProjectConfigurationPlatforms) = postSolution
		{967D939B-8552-EB11-C835-BB09EE749429}.Debug|Any CPU.ActiveCfg = Debug|Any CPU
		{967D939B-8552-EB11-C835-BB09EE749429}.Debug|Any CPU.Build.0 = Debug|Any CPU
		{967D939B-8552-EB11-C835-BB09EE749429}.Release|Any CPU.ActiveCfg = Release|Any CPU
		{967D939B-8552-EB11-C835-BB09EE749429}.Release|Any CPU.Build.0 = Release|Any CPU
	EndGlobalSection
	GlobalSection(SolutionProperties) = preSolution
		HideSolutionNode = FALSE
	EndGlobalSection
EndGlobal
